
Microsoft Visual Studio Solution File, Format Version 12.00
# Visual Studio Version 17
VisualStudioVersion = 17.7.34018.315
MinimumVisualStudioVersion = 10.0.40219.1
Project("{FAE04EC0-301F-11D3-BF4B-00C04F79EFBC}") = "ApiWebGeradorPessoa", "ApiWebGeradorPessoa.csproj", "{72815221-E685-474D-9FFA-91C7BFFAABFA}"
EndProject
Global
	GlobalSection(SolutionConfigurationPlatforms) = preSolution
		Debug|Any CPU = Debug|Any CPU
		Release|Any CPU = Release|Any CPU
	EndGlobalSection
	GlobalSection(ProjectConfigurationPlatforms) = postSolution
		{72815221-E685-474D-9FFA-91C7BFFAABFA}.Debug|Any CPU.ActiveCfg = Debug|Any CPU
		{72815221-E685-474D-9FFA-91C7BFFAABFA}.Debug|Any CPU.Build.0 = Debug|Any CPU
		{72815221-E685-474D-9FFA-91C7BFFAABFA}.Release|Any CPU.ActiveCfg = Release|Any CPU
		{72815221-E685-474D-9FFA-91C7BFFAABFA}.Release|Any CPU.Build.0 = Release|Any CPU
	EndGlobalSection
	GlobalSection(SolutionProperties) = preSolution
		HideSolutionNode = FALSE
	EndGlobalSection
	GlobalSection(ExtensibilityGlobals) = postSolution
		SolutionGuid = {0BD65E02-5BF6-482E-8C73-FF48112B9B3B}
	EndGlobalSection
EndGlobal
